<?xml version="1.0" encoding="utf-8"?>
<Project ToolsVersion="4.0" xmlns="http://schemas.microsoft.com/developer/msbuild/2003">
  <ItemGroup>
    <Filter Include="Source Files">
      <UniqueIdentifier>{4FC737F1-C7A5-4376-A066-2A32D752A2FF}</UniqueIdentifier>
      <Extensions>cpp;c;cc;cxx;c++;cppm;ixx;def;odl;idl;hpj;bat;asm;asmx</Extensions>
    </Filter>
    <Filter Include="Header Files">
      <UniqueIdentifier>{93995380-89BD-4b04-88EB-625FBE52EBFB}</UniqueIdentifier>
      <Extensions>h;hh;hpp;hxx;h++;hm;inl;inc;ipp;xsd</Extensions>
    </Filter>
    <Filter Include="Resource Files">
      <UniqueIdentifier>{67DA6AB6-F800-4c08-8B7A-83BB121AAD01}</UniqueIdentifier>
      <Extensions>rc;ico;cur;bmp;dlg;rc2;rct;bin;rgs;gif;jpg;jpeg;jpe;resx;tiff;tif;png;wav;mfcribbon-ms</Extensions>
    </Filter>
    <Filter Include="Source Files\fastgltf">
      <UniqueIdentifier>{d5771f95-eb44-42a9-bb78-1a6d58017fc6}</UniqueIdentifier>
    </Filter>
    <Filter Include="Source Files\simdjson">
      <UniqueIdentifier>{98da0167-7d60-4b60-8239-27188f107f1d}</UniqueIdentifier>
    </Filter>
    <Filter Include="Source Files\vkbootstrap">
      <UniqueIdentifier>{f9565c45-abd5-4134-8f42-e03a523917b2}</UniqueIdentifier>
    </Filter>
    <Filter Include="Source Files\imgui">
      <UniqueIdentifier>{89c052e6-af7f-493e-8081-91ff11406612}</UniqueIdentifier>
    </Filter>
    <Filter Include="Source Files\volk">
      <UniqueIdentifier>{feb25891-4d0e-4641-b446-669b7b66c403}</UniqueIdentifier>
    </Filter>
    <Filter Include="Shaders">
      <UniqueIdentifier>{384d6939-95e7-4d50-a2f7-7f0921ab842a}</UniqueIdentifier>
    </Filter>
    <Filter Include="Shaders\Include">
      <UniqueIdentifier>{a9f872b9-a158-4ab3-93c3-f0ff1ce7acac}</UniqueIdentifier>
    </Filter>
  </ItemGroup>
  <ItemGroup>
    <ClCompile Include="include\imgui\imgui_draw.cpp">
      <Filter>Source Files\imgui</Filter>
    </ClCompile>
    <ClCompile Include="include\imgui\imgui_tables.cpp">
      <Filter>Source Files\imgui</Filter>
    </ClCompile>
    <ClCompile Include="include\imgui\imgui_widgets.cpp">
      <Filter>Source Files\imgui</Filter>
    </ClCompile>
    <ClCompile Include="include\imgui\imgui.cpp">
      <Filter>Source Files\imgui</Filter>
    </ClCompile>
    <ClCompile Include="include\imgui\imgui_demo.cpp">
      <Filter>Source Files\imgui</Filter>
    </ClCompile>
    <ClCompile Include="include\imgui\backends\imgui_impl_vulkan.cpp">
      <Filter>Source Files\imgui</Filter>
    </ClCompile>
    <ClCompile Include="include\imgui\backends\imgui_impl_sdl2.cpp">
      <Filter>Source Files\imgui</Filter>
    </ClCompile>
    <ClCompile Include="src\fastgltf\base64.cpp">
      <Filter>Source Files\fastgltf</Filter>
    </ClCompile>
    <ClCompile Include="src\fastgltf\fastgltf.cpp">
      <Filter>Source Files\fastgltf</Filter>
    </ClCompile>
    <ClCompile Include="src\fastgltf\fastgltf.ixx">
      <Filter>Source Files\fastgltf</Filter>
    </ClCompile>
    <ClCompile Include="src\fastgltf\io.cpp">
      <Filter>Source Files\fastgltf</Filter>
    </ClCompile>
    <ClCompile Include="include\volk\volk.c">
      <Filter>Source Files\volk</Filter>
    </ClCompile>
    <ClCompile Include="src\vkbootstrap\VkBootstrap.cpp">
      <Filter>Source Files\vkbootstrap</Filter>
    </ClCompile>
    <ClCompile Include="src\simdjson\simdjson.cpp">
      <Filter>Source Files\simdjson</Filter>
    </ClCompile>
    <ClCompile Include="src\core\vk_images.cpp">
      <Filter>Source Files</Filter>
    </ClCompile>
    <ClCompile Include="src\core\vk_initializers.cpp">
      <Filter>Source Files</Filter>
    </ClCompile>
    <ClCompile Include="src\core\main.cpp">
      <Filter>Source Files</Filter>
    </ClCompile>
    <ClCompile Include="src\core\engine.cpp">
      <Filter>Source Files</Filter>
    </ClCompile>
    <ClCompile Include="src\core\vk_descriptor_buffer.cpp">
      <Filter>Source Files</Filter>
    </ClCompile>
    <ClCompile Include="src\core\vk_descriptors.cpp">
      <Filter>Source Files</Filter>
    </ClCompile>
    <ClCompile Include="src\core\vk_pipelines.cpp">
      <Filter>Source Files</Filter>
    </ClCompile>
    <ClCompile Include="include\imgui\misc\cpp\imgui_stdlib.cpp">
      <Filter>Source Files\imgui</Filter>
    </ClCompile>
    <ClCompile Include="src\core\vk_draw_structure.cpp">
      <Filter>Source Files</Filter>
    </ClCompile>
    <ClCompile Include="src\core\vk_loader.cpp">
      <Filter>Source Files</Filter>
    </ClCompile>
    <ClCompile Include="src\core\vk_types.cpp">
      <Filter>Source Files</Filter>
    </ClCompile>
  </ItemGroup>
  <ItemGroup>
    <None Include="shaders\fullscreen.frag">
      <Filter>Shaders</Filter>
    </None>
    <None Include="shaders\fullscreen.vert">
      <Filter>Shaders</Filter>
    </None>
    <None Include="shaders\equitoface.comp">
      <Filter>Shaders</Filter>
    </None>
    <None Include="shaders\environment.frag">
      <Filter>Shaders</Filter>
    </None>
    <None Include="shaders\environment.vert">
      <Filter>Shaders</Filter>
    </None>
    <None Include="shaders\pbrshader.vert">
      <Filter>Shaders</Filter>
    </None>
    <None Include="shaders\pbrshader.frag">
      <Filter>Shaders</Filter>
    </None>
    <None Include="shaders\include\indirect_input_structures.glsl">
      <Filter>Shaders\Include</Filter>
    </None>
    <None Include="shaders\cubetodiffspec.comp">
      <Filter>Shaders</Filter>
    </None>
    <None Include="shaders\cubetospecprefilter.comp">
      <Filter>Shaders</Filter>
    </None>
  </ItemGroup>
  <ItemGroup>
    <ClInclude Include="src\core\vk_types.h">
      <Filter>Header Files</Filter>
    </ClInclude>
  </ItemGroup>
</Project>